
Microsoft Visual Studio Solution File, Format Version 12.00
# Visual Studio Version 17
VisualStudioVersion = 17.9.34728.123
MinimumVisualStudioVersion = 10.0.40219.1
Project("{8BC9CEB8-8B4A-11D0-8D11-00A0C91BC942}") = "Project10", "Project10\Project10.vcxproj", "{2786F19E-650B-4BF7-8BF0-E5823E37CD29}"
EndProject
Global
	GlobalSection(SolutionConfigurationPlatforms) = preSolution
		Debug|x64 = Debug|x64
		Debug|x86 = Debug|x86
		Release|x64 = Release|x64
		Release|x86 = Release|x86
	EndGlobalSection
	GlobalSection(ProjectConfigurationPlatforms) = postSolution
		{2786F19E-650B-4BF7-8BF0-E5823E37CD29}.Debug|x64.ActiveCfg = Debug|x64
		{2786F19E-650B-4BF7-8BF0-E5823E37CD29}.Debug|x64.Build.0 = Debug|x64
		{2786F19E-650B-4BF7-8BF0-E5823E37CD29}.Debug|x86.ActiveCfg = Debug|Win32
		{2786F19E-650B-4BF7-8BF0-E5823E37CD29}.Debug|x86.Build.0 = Debug|Win32
		{2786F19E-650B-4BF7-8BF0-E5823E37CD29}.Release|x64.ActiveCfg = Release|x64
		{2786F19E-650B-4BF7-8BF0-E5823E37CD29}.Release|x64.Build.0 = Release|x64
		{2786F19E-650B-4BF7-8BF0-E5823E37CD29}.Release|x86.ActiveCfg = Release|Win32
		{2786F19E-650B-4BF7-8BF0-E5823E37CD29}.Release|x86.Build.0 = Release|Win32
	EndGlobalSection
	GlobalSection(SolutionProperties) = preSolution
		HideSolutionNode = FALSE
	EndGlobalSection
	GlobalSection(ExtensibilityGlobals) = postSolution
		SolutionGuid = {0CBB5823-BC91-43FD-AF5C-33905A6AA426}
	EndGlobalSection
EndGlobal
